
Microsoft Visual Studio Solution File, Format Version 12.00
Project("{FAE04EC0-301F-11D3-BF4B-00C04F79EFBC}") = "UHO-API", "UHO-API\UHO-API.csproj", "{1DD321AF-482D-4451-B11C-2BFC3CDBBB62}"
EndProject
Project("{FAE04EC0-301F-11D3-BF4B-00C04F79EFBC}") = "UHO-API.UnitTest", "UHO-API.UnitTest\UHO-API.UnitTest.csproj", "{40401729-92C4-4415-B644-1595E5F17A1C}"
EndProject
Global
	GlobalSection(SolutionConfigurationPlatforms) = preSolution
		Debug|Any CPU = Debug|Any CPU
		Release|Any CPU = Release|Any CPU
	EndGlobalSection
	GlobalSection(ProjectConfigurationPlatforms) = postSolution
		{1DD321AF-482D-4451-B11C-2BFC3CDBBB62}.Debug|Any CPU.ActiveCfg = Debug|Any CPU
		{1DD321AF-482D-4451-B11C-2BFC3CDBBB62}.Debug|Any CPU.Build.0 = Debug|Any CPU
		{1DD321AF-482D-4451-B11C-2BFC3CDBBB62}.Release|Any CPU.ActiveCfg = Release|Any CPU
		{1DD321AF-482D-4451-B11C-2BFC3CDBBB62}.Release|Any CPU.Build.0 = Release|Any CPU
		{40401729-92C4-4415-B644-1595E5F17A1C}.Debug|Any CPU.ActiveCfg = Debug|Any CPU
		{40401729-92C4-4415-B644-1595E5F17A1C}.Debug|Any CPU.Build.0 = Debug|Any CPU
		{40401729-92C4-4415-B644-1595E5F17A1C}.Release|Any CPU.ActiveCfg = Release|Any CPU
		{40401729-92C4-4415-B644-1595E5F17A1C}.Release|Any CPU.Build.0 = Release|Any CPU
	EndGlobalSection
EndGlobal
